
Microsoft Visual Studio Solution File, Format Version 12.00
# Visual Studio Version 17
VisualStudioVersion = 17.10.34916.146
MinimumVisualStudioVersion = 10.0.40219.1
Project("{FAE04EC0-301F-11D3-BF4B-00C04F79EFBC}") = "Consulta Vehiculos.Datos", "Consulta Vehiculos.Datos\Consulta Vehiculos.Datos.csproj", "{7A2DF63D-A7D8-48C6-90E4-9D3F481E9EDC}"
EndProject
Project("{FAE04EC0-301F-11D3-BF4B-00C04F79EFBC}") = "Consulta Vehiculos.Negocios", "Consulta Vehiculos.Negocios\Consulta Vehiculos.Negocios.csproj", "{DECF11D7-D811-4D30-B0DC-D7B5D5B8C8E2}"
EndProject
Project("{FAE04EC0-301F-11D3-BF4B-00C04F79EFBC}") = "Consulta Vehiculos.Presentación", "Consulta Vehiculos.Presentación\Consulta Vehiculos.Presentación.csproj", "{7B893BD7-2FEE-4070-B09F-84D1E568EE9B}"
EndProject
Global
	GlobalSection(SolutionConfigurationPlatforms) = preSolution
		Debug|Any CPU = Debug|Any CPU
		Release|Any CPU = Release|Any CPU
	EndGlobalSection
	GlobalSection(ProjectConfigurationPlatforms) = postSolution
		{7A2DF63D-A7D8-48C6-90E4-9D3F481E9EDC}.Debug|Any CPU.ActiveCfg = Debug|Any CPU
		{7A2DF63D-A7D8-48C6-90E4-9D3F481E9EDC}.Debug|Any CPU.Build.0 = Debug|Any CPU
		{7A2DF63D-A7D8-48C6-90E4-9D3F481E9EDC}.Release|Any CPU.ActiveCfg = Release|Any CPU
		{7A2DF63D-A7D8-48C6-90E4-9D3F481E9EDC}.Release|Any CPU.Build.0 = Release|Any CPU
		{DECF11D7-D811-4D30-B0DC-D7B5D5B8C8E2}.Debug|Any CPU.ActiveCfg = Debug|Any CPU
		{DECF11D7-D811-4D30-B0DC-D7B5D5B8C8E2}.Debug|Any CPU.Build.0 = Debug|Any CPU
		{DECF11D7-D811-4D30-B0DC-D7B5D5B8C8E2}.Release|Any CPU.ActiveCfg = Release|Any CPU
		{DECF11D7-D811-4D30-B0DC-D7B5D5B8C8E2}.Release|Any CPU.Build.0 = Release|Any CPU
		{7B893BD7-2FEE-4070-B09F-84D1E568EE9B}.Debug|Any CPU.ActiveCfg = Debug|Any CPU
		{7B893BD7-2FEE-4070-B09F-84D1E568EE9B}.Debug|Any CPU.Build.0 = Debug|Any CPU
		{7B893BD7-2FEE-4070-B09F-84D1E568EE9B}.Release|Any CPU.ActiveCfg = Release|Any CPU
		{7B893BD7-2FEE-4070-B09F-84D1E568EE9B}.Release|Any CPU.Build.0 = Release|Any CPU
	EndGlobalSection
	GlobalSection(SolutionProperties) = preSolution
		HideSolutionNode = FALSE
	EndGlobalSection
	GlobalSection(ExtensibilityGlobals) = postSolution
		SolutionGuid = {624CBE20-4C28-4716-8616-0672AB47C750}
	EndGlobalSection
EndGlobal
