
Microsoft Visual Studio Solution File, Format Version 12.00
# Visual Studio Version 17
VisualStudioVersion = 17.10.34916.146
MinimumVisualStudioVersion = 10.0.40219.1
Project("{FAE04EC0-301F-11D3-BF4B-00C04F79EFBC}") = "Consulta Empleados.Datos", "Consulta Empleados.Datos\Consulta Empleados.Datos.csproj", "{898CA245-54A2-47BA-8526-F59172DDDF9B}"
EndProject
Project("{FAE04EC0-301F-11D3-BF4B-00C04F79EFBC}") = "Consulta Empleados.Negocios", "Consulta Empleados.Negocios\Consulta Empleados.Negocios.csproj", "{4EA24497-76C7-4DD8-84D4-2F1DB36FC969}"
EndProject
Project("{FAE04EC0-301F-11D3-BF4B-00C04F79EFBC}") = "Consulta Empleados.Presentación", "Consulta Empleados.Presentación\Consulta Empleados.Presentación.csproj", "{502E9817-2040-4368-9E5A-2E9C239FC19B}"
EndProject
Global
	GlobalSection(SolutionConfigurationPlatforms) = preSolution
		Debug|Any CPU = Debug|Any CPU
		Release|Any CPU = Release|Any CPU
	EndGlobalSection
	GlobalSection(ProjectConfigurationPlatforms) = postSolution
		{898CA245-54A2-47BA-8526-F59172DDDF9B}.Debug|Any CPU.ActiveCfg = Debug|Any CPU
		{898CA245-54A2-47BA-8526-F59172DDDF9B}.Debug|Any CPU.Build.0 = Debug|Any CPU
		{898CA245-54A2-47BA-8526-F59172DDDF9B}.Release|Any CPU.ActiveCfg = Release|Any CPU
		{898CA245-54A2-47BA-8526-F59172DDDF9B}.Release|Any CPU.Build.0 = Release|Any CPU
		{4EA24497-76C7-4DD8-84D4-2F1DB36FC969}.Debug|Any CPU.ActiveCfg = Debug|Any CPU
		{4EA24497-76C7-4DD8-84D4-2F1DB36FC969}.Debug|Any CPU.Build.0 = Debug|Any CPU
		{4EA24497-76C7-4DD8-84D4-2F1DB36FC969}.Release|Any CPU.ActiveCfg = Release|Any CPU
		{4EA24497-76C7-4DD8-84D4-2F1DB36FC969}.Release|Any CPU.Build.0 = Release|Any CPU
		{502E9817-2040-4368-9E5A-2E9C239FC19B}.Debug|Any CPU.ActiveCfg = Debug|Any CPU
		{502E9817-2040-4368-9E5A-2E9C239FC19B}.Debug|Any CPU.Build.0 = Debug|Any CPU
		{502E9817-2040-4368-9E5A-2E9C239FC19B}.Release|Any CPU.ActiveCfg = Release|Any CPU
		{502E9817-2040-4368-9E5A-2E9C239FC19B}.Release|Any CPU.Build.0 = Release|Any CPU
	EndGlobalSection
	GlobalSection(SolutionProperties) = preSolution
		HideSolutionNode = FALSE
	EndGlobalSection
	GlobalSection(ExtensibilityGlobals) = postSolution
		SolutionGuid = {5FE20A1A-10B0-460F-BA73-0512AAF99F8C}
	EndGlobalSection
EndGlobal
